
Microsoft Visual Studio Solution File, Format Version 12.00
# Visual Studio Version 17
VisualStudioVersion = 17.6.33829.357
MinimumVisualStudioVersion = 10.0.40219.1
Project("{9A19103F-16F7-4668-BE54-9A1E7A4F7556}") = "venomcc", "venomcc.csproj", "{656AA873-5B32-42CC-AD4F-66EB4CEE7BED}"
EndProject
Project("{FAE04EC0-301F-11D3-BF4B-00C04F79EFBC}") = "venomccTestClient", "..\venomccTestClient\venomccTestClient.csproj", "{CFF525CA-486C-48A4-A432-44C49D491961}"
EndProject
Global
	GlobalSection(SolutionConfigurationPlatforms) = preSolution
		Debug|Any CPU = Debug|Any CPU
		Release|Any CPU = Release|Any CPU
	EndGlobalSection
	GlobalSection(ProjectConfigurationPlatforms) = postSolution
		{656AA873-5B32-42CC-AD4F-66EB4CEE7BED}.Debug|Any CPU.ActiveCfg = Debug|Any CPU
		{656AA873-5B32-42CC-AD4F-66EB4CEE7BED}.Debug|Any CPU.Build.0 = Debug|Any CPU
		{656AA873-5B32-42CC-AD4F-66EB4CEE7BED}.Release|Any CPU.ActiveCfg = Release|Any CPU
		{656AA873-5B32-42CC-AD4F-66EB4CEE7BED}.Release|Any CPU.Build.0 = Release|Any CPU
		{CFF525CA-486C-48A4-A432-44C49D491961}.Debug|Any CPU.ActiveCfg = Debug|Any CPU
		{CFF525CA-486C-48A4-A432-44C49D491961}.Debug|Any CPU.Build.0 = Debug|Any CPU
		{CFF525CA-486C-48A4-A432-44C49D491961}.Release|Any CPU.ActiveCfg = Release|Any CPU
		{CFF525CA-486C-48A4-A432-44C49D491961}.Release|Any CPU.Build.0 = Release|Any CPU
	EndGlobalSection
	GlobalSection(SolutionProperties) = preSolution
		HideSolutionNode = FALSE
	EndGlobalSection
	GlobalSection(ExtensibilityGlobals) = postSolution
		SolutionGuid = {3B26903D-642E-4A78-87BF-A43570EAF0E4}
	EndGlobalSection
EndGlobal
